{
  "name": "exo2",
  "version": "1.0.0",
  "lockfileVersion": 3,
  "requires": true,
  "packages": {
    "": {
      "name": "exo2",
      "version": "1.0.0",
      "license": "ISC",
      "dependencies": {
        "n-readline": "^0.1.2"
      }
    },
    "node_modules/n-readline": {
      "version": "0.1.2",
      "resolved": "https://registry.npmjs.org/n-readline/-/n-readline-0.1.2.tgz",
      "integrity": "sha512-VbYrdfyQkLgRhzrPo5ALYUAxKjMNSB0PTZ9AnlWCtob6T6jvHy2as+FYuiM5+tpI3XkHuN2IRmDpzcTIKIirWQ==",
      "engines": {
        "node": ">=12",
        "npm": ">=7"
      }
    }
  }
}
